
Microsoft Visual Studio Solution File, Format Version 12.00
# Visual Studio Version 16
VisualStudioVersion = 16.0.30907.101
MinimumVisualStudioVersion = 10.0.40219.1
Project("{FAE04EC0-301F-11D3-BF4B-00C04F79EFBC}") = "zelisCompassFrameWorkLib", "zelisCompassFrameworkLib\zelisCompassFrameWorkLib.csproj", "{D1876B29-6CD4-4A5D-8CBE-F25777197D9B}"
EndProject
Project("{FAE04EC0-301F-11D3-BF4B-00C04F79EFBC}") = "zelisCompassPages", "zelisCompassPages\zelisCompassPages.csproj", "{92A76794-DCDD-460E-8CE5-44AE466B0ACA}"
EndProject
Project("{FAE04EC0-301F-11D3-BF4B-00C04F79EFBC}") = "ZelisMedEngine", "ZelisMedEngine\ZelisMedEngine.csproj", "{170A3A8F-55FB-4609-8089-C93D28F1152B}"
EndProject
Global
	GlobalSection(SolutionConfigurationPlatforms) = preSolution
		Debug|Any CPU = Debug|Any CPU
		Release|Any CPU = Release|Any CPU
	EndGlobalSection
	GlobalSection(ProjectConfigurationPlatforms) = postSolution
		{D1876B29-6CD4-4A5D-8CBE-F25777197D9B}.Debug|Any CPU.ActiveCfg = Debug|Any CPU
		{D1876B29-6CD4-4A5D-8CBE-F25777197D9B}.Debug|Any CPU.Build.0 = Debug|Any CPU
		{D1876B29-6CD4-4A5D-8CBE-F25777197D9B}.Release|Any CPU.ActiveCfg = Release|Any CPU
		{D1876B29-6CD4-4A5D-8CBE-F25777197D9B}.Release|Any CPU.Build.0 = Release|Any CPU
		{92A76794-DCDD-460E-8CE5-44AE466B0ACA}.Debug|Any CPU.ActiveCfg = Debug|Any CPU
		{92A76794-DCDD-460E-8CE5-44AE466B0ACA}.Debug|Any CPU.Build.0 = Debug|Any CPU
		{92A76794-DCDD-460E-8CE5-44AE466B0ACA}.Release|Any CPU.ActiveCfg = Release|Any CPU
		{92A76794-DCDD-460E-8CE5-44AE466B0ACA}.Release|Any CPU.Build.0 = Release|Any CPU
		{170A3A8F-55FB-4609-8089-C93D28F1152B}.Debug|Any CPU.ActiveCfg = Debug|Any CPU
		{170A3A8F-55FB-4609-8089-C93D28F1152B}.Debug|Any CPU.Build.0 = Debug|Any CPU
		{170A3A8F-55FB-4609-8089-C93D28F1152B}.Release|Any CPU.ActiveCfg = Release|Any CPU
		{170A3A8F-55FB-4609-8089-C93D28F1152B}.Release|Any CPU.Build.0 = Release|Any CPU
	EndGlobalSection
	GlobalSection(SolutionProperties) = preSolution
		HideSolutionNode = FALSE
	EndGlobalSection
	GlobalSection(ExtensibilityGlobals) = postSolution
		SolutionGuid = {C29EB3FC-EAF4-42D6-9414-8BB75BAAE921}
	EndGlobalSection
EndGlobal
